
Microsoft Visual Studio Solution File, Format Version 12.00
# Visual Studio Version 17
VisualStudioVersion = 17.8.34408.163
MinimumVisualStudioVersion = 10.0.40219.1
Project("{9A19103F-16F7-4668-BE54-9A1E7A4F7556}") = "BulkyWeb", "BulkyWeb\BulkyWeb.csproj", "{9E997FD4-6412-4C61-A94A-27101B718608}"
EndProject
Project("{FAE04EC0-301F-11D3-BF4B-00C04F79EFBC}") = "Bulky.DataAccess", "Bulky.DataAccess\Bulky.DataAccess.csproj", "{48D534F9-EAA6-40C4-A232-8078274083A0}"
EndProject
Project("{FAE04EC0-301F-11D3-BF4B-00C04F79EFBC}") = "Bulky.Models", "Bulky.Models\Bulky.Models.csproj", "{3CA2C936-E048-4E6E-9F35-00F6BF796EDB}"
EndProject
Project("{FAE04EC0-301F-11D3-BF4B-00C04F79EFBC}") = "Bulky.Utility", "Bulky.Utility\Bulky.Utility.csproj", "{5CEC4DA8-671B-4DAE-97F3-9F8609814911}"
EndProject
Global
	GlobalSection(SolutionConfigurationPlatforms) = preSolution
		Debug|Any CPU = Debug|Any CPU
		Release|Any CPU = Release|Any CPU
	EndGlobalSection
	GlobalSection(ProjectConfigurationPlatforms) = postSolution
		{9E997FD4-6412-4C61-A94A-27101B718608}.Debug|Any CPU.ActiveCfg = Debug|Any CPU
		{9E997FD4-6412-4C61-A94A-27101B718608}.Debug|Any CPU.Build.0 = Debug|Any CPU
		{9E997FD4-6412-4C61-A94A-27101B718608}.Release|Any CPU.ActiveCfg = Release|Any CPU
		{9E997FD4-6412-4C61-A94A-27101B718608}.Release|Any CPU.Build.0 = Release|Any CPU
		{48D534F9-EAA6-40C4-A232-8078274083A0}.Debug|Any CPU.ActiveCfg = Debug|Any CPU
		{48D534F9-EAA6-40C4-A232-8078274083A0}.Debug|Any CPU.Build.0 = Debug|Any CPU
		{48D534F9-EAA6-40C4-A232-8078274083A0}.Release|Any CPU.ActiveCfg = Release|Any CPU
		{48D534F9-EAA6-40C4-A232-8078274083A0}.Release|Any CPU.Build.0 = Release|Any CPU
		{3CA2C936-E048-4E6E-9F35-00F6BF796EDB}.Debug|Any CPU.ActiveCfg = Debug|Any CPU
		{3CA2C936-E048-4E6E-9F35-00F6BF796EDB}.Debug|Any CPU.Build.0 = Debug|Any CPU
		{3CA2C936-E048-4E6E-9F35-00F6BF796EDB}.Release|Any CPU.ActiveCfg = Release|Any CPU
		{3CA2C936-E048-4E6E-9F35-00F6BF796EDB}.Release|Any CPU.Build.0 = Release|Any CPU
		{5CEC4DA8-671B-4DAE-97F3-9F8609814911}.Debug|Any CPU.ActiveCfg = Debug|Any CPU
		{5CEC4DA8-671B-4DAE-97F3-9F8609814911}.Debug|Any CPU.Build.0 = Debug|Any CPU
		{5CEC4DA8-671B-4DAE-97F3-9F8609814911}.Release|Any CPU.ActiveCfg = Release|Any CPU
		{5CEC4DA8-671B-4DAE-97F3-9F8609814911}.Release|Any CPU.Build.0 = Release|Any CPU
	EndGlobalSection
	GlobalSection(SolutionProperties) = preSolution
		HideSolutionNode = FALSE
	EndGlobalSection
	GlobalSection(ExtensibilityGlobals) = postSolution
		SolutionGuid = {08F885D2-DFEC-4C6F-A71D-2AC1A9E9F8CF}
	EndGlobalSection
EndGlobal
